
Microsoft Visual Studio Solution File, Format Version 12.00
# Visual Studio 15
VisualStudioVersion = 15.0.28307.757
MinimumVisualStudioVersion = 10.0.40219.1
Project("{FAE04EC0-301F-11D3-BF4B-00C04F79EFBC}") = "NetworkBasedImageManipulation", "NetworkBasedImageManipulation\NetworkBasedImageManipulation.csproj", "{6377DC47-C891-4791-85EB-9F6A6A54225C}"
EndProject
Global
	GlobalSection(SolutionConfigurationPlatforms) = preSolution
		Debug|Any CPU = Debug|Any CPU
		Release|Any CPU = Release|Any CPU
	EndGlobalSection
	GlobalSection(ProjectConfigurationPlatforms) = postSolution
		{6377DC47-C891-4791-85EB-9F6A6A54225C}.Debug|Any CPU.ActiveCfg = Debug|Any CPU
		{6377DC47-C891-4791-85EB-9F6A6A54225C}.Debug|Any CPU.Build.0 = Debug|Any CPU
		{6377DC47-C891-4791-85EB-9F6A6A54225C}.Release|Any CPU.ActiveCfg = Release|Any CPU
		{6377DC47-C891-4791-85EB-9F6A6A54225C}.Release|Any CPU.Build.0 = Release|Any CPU
	EndGlobalSection
	GlobalSection(SolutionProperties) = preSolution
		HideSolutionNode = FALSE
	EndGlobalSection
	GlobalSection(ExtensibilityGlobals) = postSolution
		SolutionGuid = {C32FD35B-6797-4641-B881-4A8BD081A443}
	EndGlobalSection
EndGlobal
